
Microsoft Visual Studio Solution File, Format Version 12.00
# Visual Studio Version 17
VisualStudioVersion = 17.3.32811.315
MinimumVisualStudioVersion = 10.0.40219.1
Project("{FAE04EC0-301F-11D3-BF4B-00C04F79EFBC}") = "Multiply_StringCompare_Generics", "Multiply_StringCompare_Generics.csproj", "{CA9D6BB7-8E24-43B7-97C4-C71DE0336ED7}"
EndProject
Global
	GlobalSection(SolutionConfigurationPlatforms) = preSolution
		Debug|Any CPU = Debug|Any CPU
		Release|Any CPU = Release|Any CPU
	EndGlobalSection
	GlobalSection(ProjectConfigurationPlatforms) = postSolution
		{CA9D6BB7-8E24-43B7-97C4-C71DE0336ED7}.Debug|Any CPU.ActiveCfg = Debug|Any CPU
		{CA9D6BB7-8E24-43B7-97C4-C71DE0336ED7}.Debug|Any CPU.Build.0 = Debug|Any CPU
		{CA9D6BB7-8E24-43B7-97C4-C71DE0336ED7}.Release|Any CPU.ActiveCfg = Release|Any CPU
		{CA9D6BB7-8E24-43B7-97C4-C71DE0336ED7}.Release|Any CPU.Build.0 = Release|Any CPU
	EndGlobalSection
	GlobalSection(SolutionProperties) = preSolution
		HideSolutionNode = FALSE
	EndGlobalSection
	GlobalSection(ExtensibilityGlobals) = postSolution
		SolutionGuid = {2328FC89-6E63-4121-AD84-83C01329BA91}
	EndGlobalSection
EndGlobal
